
Microsoft Visual Studio Solution File, Format Version 12.00
# Visual Studio Version 16
VisualStudioVersion = 16.0.31005.135
MinimumVisualStudioVersion = 10.0.40219.1
Project("{FAE04EC0-301F-11D3-BF4B-00C04F79EFBC}") = "Evolucio_IEQMTH", "Evolucio_IEQMTH\Evolucio_IEQMTH.csproj", "{6398299D-EFE6-425E-99B1-CA6DB0B51554}"
EndProject
Global
	GlobalSection(SolutionConfigurationPlatforms) = preSolution
		Debug|Any CPU = Debug|Any CPU
		Release|Any CPU = Release|Any CPU
	EndGlobalSection
	GlobalSection(ProjectConfigurationPlatforms) = postSolution
		{6398299D-EFE6-425E-99B1-CA6DB0B51554}.Debug|Any CPU.ActiveCfg = Debug|Any CPU
		{6398299D-EFE6-425E-99B1-CA6DB0B51554}.Debug|Any CPU.Build.0 = Debug|Any CPU
		{6398299D-EFE6-425E-99B1-CA6DB0B51554}.Release|Any CPU.ActiveCfg = Release|Any CPU
		{6398299D-EFE6-425E-99B1-CA6DB0B51554}.Release|Any CPU.Build.0 = Release|Any CPU
	EndGlobalSection
	GlobalSection(SolutionProperties) = preSolution
		HideSolutionNode = FALSE
	EndGlobalSection
	GlobalSection(ExtensibilityGlobals) = postSolution
		SolutionGuid = {0D259F39-8608-475F-B2FC-08E3A2CF1D8B}
	EndGlobalSection
EndGlobal
